{
  "requires": true,
  "lockfileVersion": 1,
  "dependencies": {
    "rubech-palindrome": {
      "version": "0.1.0",
      "resolved": "https://registry.npmjs.org/rubech-palindrome/-/rubech-palindrome-0.1.0.tgz",
      "integrity": "sha512-U3JzCWafTHAxNTlt/R2u8IhFAOMxeO4dIGh2AfaY/Oz1X44ZC8lgxWgLi7h6dKy0GKul+CCXMarNUFJwaUs7qw=="
    }
  }
}
